
Microsoft Visual Studio Solution File, Format Version 12.00
# Visual Studio Version 16
VisualStudioVersion = 16.0.34301.259
MinimumVisualStudioVersion = 10.0.40219.1
Project("{FAE04EC0-301F-11D3-BF4B-00C04F79EFBC}") = "Tyuiu.SokolovaAA.Sprint6.Task0.V5.Lib", "Tyuiu.SokolovaAA.Sprint6.Task0.V5.Lib\Tyuiu.SokolovaAA.Sprint6.Task0.V5.Lib.csproj", "{DE496636-ECFC-402F-8C8C-605A8A4BC0F2}"
EndProject
Project("{FAE04EC0-301F-11D3-BF4B-00C04F79EFBC}") = "Tyuiu.SokolovaAA.Sprint6.Task0.V5.Test", "Tyuiu.SokolovaAA.Sprint6.Task0.V5.Test\Tyuiu.SokolovaAA.Sprint6.Task0.V5.Test.csproj", "{5C85CA81-FACD-4720-BA5D-91FE34D63B17}"
EndProject
Project("{FAE04EC0-301F-11D3-BF4B-00C04F79EFBC}") = "Tyuiu.SokolovaAA.Sprint6.Task0.V5", "Tyuiu.SokolovaAA.Sprint6.Task0.V5\Tyuiu.SokolovaAA.Sprint6.Task0.V5.csproj", "{22E19E2F-2705-4CA9-9A97-8228A0272F4F}"
EndProject
Project("{2150E333-8FDC-42A3-9474-1A3956D46DE8}") = "Task0", "Task0", "{0B710073-5BF7-49FC-A0DF-7CB4C3ED41B9}"
EndProject
Project("{2150E333-8FDC-42A3-9474-1A3956D46DE8}") = "Task1", "Task1", "{27B76B93-4534-4E7B-8451-AF659633E9CC}"
EndProject
Project("{FAE04EC0-301F-11D3-BF4B-00C04F79EFBC}") = "Tyuiu.SokolovaAA.Sprint6.Task1.V16.Lib", "Tyuiu.SokolovaAA.Sprint6.Task1.V16.Lib\Tyuiu.SokolovaAA.Sprint6.Task1.V16.Lib.csproj", "{ECD1FDD6-1821-4F62-A6FD-ADA3F4FF6F69}"
EndProject
Project("{FAE04EC0-301F-11D3-BF4B-00C04F79EFBC}") = "Tyuiu.SokolovaAA.Sprint6.Task1.V16.Test", "Tyuiu.SokolovaAA.Sprint6.Task1.V16.Test\Tyuiu.SokolovaAA.Sprint6.Task1.V16.Test.csproj", "{31486A71-602B-4252-9A41-0F450020B5A3}"
EndProject
Project("{FAE04EC0-301F-11D3-BF4B-00C04F79EFBC}") = "Tyuiu.SokolovaAA.Sprint6.Task1.V16", "Tyuiu.SokolovaAA.Sprint6.Task1.V16\Tyuiu.SokolovaAA.Sprint6.Task1.V16.csproj", "{EA2ECFB1-EDCE-4F60-8910-0C195692CECE}"
EndProject
Project("{2150E333-8FDC-42A3-9474-1A3956D46DE8}") = "Task2", "Task2", "{9CCFD01D-D93C-4C51-98FC-C0B6E9D69ACC}"
EndProject
Project("{FAE04EC0-301F-11D3-BF4B-00C04F79EFBC}") = "Tyuiu.SokolovaAA.Sprint6.Task2.V16", "Tyuiu.SokolovaAA.Sprint6.Task2.V16\Tyuiu.SokolovaAA.Sprint6.Task2.V16.csproj", "{F99A456B-A984-4E2C-8008-F753DBBB7626}"
EndProject
Project("{FAE04EC0-301F-11D3-BF4B-00C04F79EFBC}") = "Tyuiu.SokolovaAA.Sprint6.Task2.V16.Lib", "Tyuiu.SokolovaAA.Sprint6.Task2.V16.Lib\Tyuiu.SokolovaAA.Sprint6.Task2.V16.Lib.csproj", "{03DFEE9D-E909-40CC-861E-6CA31B93C223}"
EndProject
Project("{FAE04EC0-301F-11D3-BF4B-00C04F79EFBC}") = "Tyuiu.SokolovaAA.Sprint6.Task2.V16.Test", "Tyuiu.SokolovaAA.Sprint6.Task2.V16.Test\Tyuiu.SokolovaAA.Sprint6.Task2.V16.Test.csproj", "{D1F49B11-E7F5-43A0-92AC-B3A5DFD96296}"
EndProject
Project("{2150E333-8FDC-42A3-9474-1A3956D46DE8}") = "Task3", "Task3", "{0DD10C07-6A35-412A-9541-79FF05D780B5}"
EndProject
Project("{FAE04EC0-301F-11D3-BF4B-00C04F79EFBC}") = "Tyuiu.SokolovaAA.Sprint6.Task3.V24", "Tyuiu.SokolovaAA.Sprint6.Task3.V24\Tyuiu.SokolovaAA.Sprint6.Task3.V24.csproj", "{EC02B772-7F6B-48A2-8312-231B626DB0C3}"
EndProject
Project("{FAE04EC0-301F-11D3-BF4B-00C04F79EFBC}") = "Tyuiu.SokolovaAA.Sprint6.Task3.V24.Lib", "Tyuiu.SokolovaAA.Sprint6.Task3.V24.Lib\Tyuiu.SokolovaAA.Sprint6.Task3.V24.Lib.csproj", "{171ED380-4833-4274-B846-62F7CF15B2A2}"
EndProject
Project("{FAE04EC0-301F-11D3-BF4B-00C04F79EFBC}") = "Tyuiu.SokolovaAA.Sprint6.Task3.V24.Test", "Tyuiu.SokolovaAA.Sprint6.Task3.V24.Test\Tyuiu.SokolovaAA.Sprint6.Task3.V24.Test.csproj", "{591B760D-064F-4DFB-BF03-DA1DE95FDFE3}"
EndProject
Project("{2150E333-8FDC-42A3-9474-1A3956D46DE8}") = "Task4", "Task4", "{680465CA-B61B-4966-8F45-3334D305AC7C}"
EndProject
Project("{FAE04EC0-301F-11D3-BF4B-00C04F79EFBC}") = "Tyuiu.SokolovaAA.Sprint6.Task4.V3", "Tyuiu.SokolovaAA.Sprint6.Task4.V3\Tyuiu.SokolovaAA.Sprint6.Task4.V3.csproj", "{4EB39F5A-04A7-43C2-AB98-2CCC3CE38248}"
EndProject
Project("{FAE04EC0-301F-11D3-BF4B-00C04F79EFBC}") = "Tyuiu.SokolovaAA.Sprint6.Task4.V3.Lib", "Tyuiu.SokolovaAA.Sprint6.Task4.V3.Lib\Tyuiu.SokolovaAA.Sprint6.Task4.V3.Lib.csproj", "{86E19261-8B17-4401-9ED2-DDC042612993}"
EndProject
Project("{FAE04EC0-301F-11D3-BF4B-00C04F79EFBC}") = "Tyuiu.SokolovaAA.Sprint6.Task4.V3.Test", "Tyuiu.SokolovaAA.Sprint6.Task4.V3.Test\Tyuiu.SokolovaAA.Sprint6.Task4.V3.Test.csproj", "{F7AFF80C-AC75-4B25-8998-B999880CBFF0}"
EndProject
Project("{2150E333-8FDC-42A3-9474-1A3956D46DE8}") = "Task5", "Task5", "{CE297F1C-00CE-4893-AF01-2623DDD67D68}"
EndProject
Project("{FAE04EC0-301F-11D3-BF4B-00C04F79EFBC}") = "Tyuiu.SokolovaAA.Sprint6.Task5.V30", "Tyuiu.SokolovaAA.Sprint6.Task5.V30\Tyuiu.SokolovaAA.Sprint6.Task5.V30.csproj", "{6C52C82E-ABE2-4EB0-A386-7ED39E4F8380}"
EndProject
Project("{FAE04EC0-301F-11D3-BF4B-00C04F79EFBC}") = "Tyuiu.SokolovaAA.Sprint6.Task5.V30.Lib", "Tyuiu.SokolovaAA.Sprint6.Task5.V30.Lib\Tyuiu.SokolovaAA.Sprint6.Task5.V30.Lib.csproj", "{2D289B82-D2AF-43F6-8D73-0837EF56FE1D}"
EndProject
Project("{FAE04EC0-301F-11D3-BF4B-00C04F79EFBC}") = "Tyuiu.SokolovaAA.Sprint6.Task5.V30.Test", "Tyuiu.SokolovaAA.Sprint6.Task5.V30.Test\Tyuiu.SokolovaAA.Sprint6.Task5.V30.Test.csproj", "{D7236733-F442-4AAA-B6BF-C5DD48701E0B}"
EndProject
Project("{2150E333-8FDC-42A3-9474-1A3956D46DE8}") = "Task6", "Task6", "{7C22F74B-ECDE-4BE5-8E96-B769C26C4E3D}"
EndProject
Project("{FAE04EC0-301F-11D3-BF4B-00C04F79EFBC}") = "Tyuiu.SokolovaAA.Sprint6.Task6.V17", "Tyuiu.SokolovaAA.Sprint6.Task6.V17\Tyuiu.SokolovaAA.Sprint6.Task6.V17.csproj", "{73BB7BAD-68D4-4637-A79F-F8CB4CDB9FCA}"
EndProject
Project("{FAE04EC0-301F-11D3-BF4B-00C04F79EFBC}") = "Tyuiu.SokolovaAA.Sprint6.Task6.V17.Lib", "Tyuiu.SokolovaAA.Sprint6.Task6.V17.Lib\Tyuiu.SokolovaAA.Sprint6.Task6.V17.Lib.csproj", "{6D3B9C3C-BE2E-4D4E-B671-EB2E9944494A}"
EndProject
Project("{FAE04EC0-301F-11D3-BF4B-00C04F79EFBC}") = "Tyuiu.SokolovaAA.Sprint6.Task6.V17.Test", "Tyuiu.SokolovaAA.Sprint6.Task6.V17.Test\Tyuiu.SokolovaAA.Sprint6.Task6.V17.Test.csproj", "{003BD979-E1CB-4D90-AB54-D78291B6D085}"
EndProject
Project("{2150E333-8FDC-42A3-9474-1A3956D46DE8}") = "Task7", "Task7", "{AF68901A-36FF-4C2B-BB28-ED6F94C6D5C2}"
EndProject
Project("{FAE04EC0-301F-11D3-BF4B-00C04F79EFBC}") = "Tyuiu.SokolovaAA.Sprint6.Task7.V14", "Tyuiu.SokolovaAA.Sprint6.Task7.V14\Tyuiu.SokolovaAA.Sprint6.Task7.V14.csproj", "{E3A3D325-8427-40C1-B46B-E93A0B1022D0}"
EndProject
Project("{FAE04EC0-301F-11D3-BF4B-00C04F79EFBC}") = "Tyuiu.SokolovaAA.Sprint6.Task7.V14.Lib", "Tyuiu.SokolovaAA.Sprint6.Task7.V14.Lib\Tyuiu.SokolovaAA.Sprint6.Task7.V14.Lib.csproj", "{14299261-BC6F-4130-A83E-1B3F27CA79A3}"
EndProject
Project("{FAE04EC0-301F-11D3-BF4B-00C04F79EFBC}") = "Tyuiu.SokolovaAA.Sprint6.Task7.V14.Test", "Tyuiu.SokolovaAA.Sprint6.Task7.V14.Test\Tyuiu.SokolovaAA.Sprint6.Task7.V14.Test.csproj", "{79195295-9125-4B73-8545-6FDB8FDC8BFE}"
EndProject
Global
	GlobalSection(SolutionConfigurationPlatforms) = preSolution
		Debug|Any CPU = Debug|Any CPU
		Release|Any CPU = Release|Any CPU
	EndGlobalSection
	GlobalSection(ProjectConfigurationPlatforms) = postSolution
		{DE496636-ECFC-402F-8C8C-605A8A4BC0F2}.Debug|Any CPU.ActiveCfg = Debug|Any CPU
		{DE496636-ECFC-402F-8C8C-605A8A4BC0F2}.Debug|Any CPU.Build.0 = Debug|Any CPU
		{DE496636-ECFC-402F-8C8C-605A8A4BC0F2}.Release|Any CPU.ActiveCfg = Release|Any CPU
		{DE496636-ECFC-402F-8C8C-605A8A4BC0F2}.Release|Any CPU.Build.0 = Release|Any CPU
		{5C85CA81-FACD-4720-BA5D-91FE34D63B17}.Debug|Any CPU.ActiveCfg = Debug|Any CPU
		{5C85CA81-FACD-4720-BA5D-91FE34D63B17}.Debug|Any CPU.Build.0 = Debug|Any CPU
		{5C85CA81-FACD-4720-BA5D-91FE34D63B17}.Release|Any CPU.ActiveCfg = Release|Any CPU
		{5C85CA81-FACD-4720-BA5D-91FE34D63B17}.Release|Any CPU.Build.0 = Release|Any CPU
		{22E19E2F-2705-4CA9-9A97-8228A0272F4F}.Debug|Any CPU.ActiveCfg = Debug|Any CPU
		{22E19E2F-2705-4CA9-9A97-8228A0272F4F}.Debug|Any CPU.Build.0 = Debug|Any CPU
		{22E19E2F-2705-4CA9-9A97-8228A0272F4F}.Release|Any CPU.ActiveCfg = Release|Any CPU
		{22E19E2F-2705-4CA9-9A97-8228A0272F4F}.Release|Any CPU.Build.0 = Release|Any CPU
		{ECD1FDD6-1821-4F62-A6FD-ADA3F4FF6F69}.Debug|Any CPU.ActiveCfg = Debug|Any CPU
		{ECD1FDD6-1821-4F62-A6FD-ADA3F4FF6F69}.Debug|Any CPU.Build.0 = Debug|Any CPU
		{ECD1FDD6-1821-4F62-A6FD-ADA3F4FF6F69}.Release|Any CPU.ActiveCfg = Release|Any CPU
		{ECD1FDD6-1821-4F62-A6FD-ADA3F4FF6F69}.Release|Any CPU.Build.0 = Release|Any CPU
		{31486A71-602B-4252-9A41-0F450020B5A3}.Debug|Any CPU.ActiveCfg = Debug|Any CPU
		{31486A71-602B-4252-9A41-0F450020B5A3}.Debug|Any CPU.Build.0 = Debug|Any CPU
		{31486A71-602B-4252-9A41-0F450020B5A3}.Release|Any CPU.ActiveCfg = Release|Any CPU
		{31486A71-602B-4252-9A41-0F450020B5A3}.Release|Any CPU.Build.0 = Release|Any CPU
		{EA2ECFB1-EDCE-4F60-8910-0C195692CECE}.Debug|Any CPU.ActiveCfg = Debug|Any CPU
		{EA2ECFB1-EDCE-4F60-8910-0C195692CECE}.Debug|Any CPU.Build.0 = Debug|Any CPU
		{EA2ECFB1-EDCE-4F60-8910-0C195692CECE}.Release|Any CPU.ActiveCfg = Release|Any CPU
		{EA2ECFB1-EDCE-4F60-8910-0C195692CECE}.Release|Any CPU.Build.0 = Release|Any CPU
		{F99A456B-A984-4E2C-8008-F753DBBB7626}.Debug|Any CPU.ActiveCfg = Debug|Any CPU
		{F99A456B-A984-4E2C-8008-F753DBBB7626}.Debug|Any CPU.Build.0 = Debug|Any CPU
		{F99A456B-A984-4E2C-8008-F753DBBB7626}.Release|Any CPU.ActiveCfg = Release|Any CPU
		{F99A456B-A984-4E2C-8008-F753DBBB7626}.Release|Any CPU.Build.0 = Release|Any CPU
		{03DFEE9D-E909-40CC-861E-6CA31B93C223}.Debug|Any CPU.ActiveCfg = Debug|Any CPU
		{03DFEE9D-E909-40CC-861E-6CA31B93C223}.Debug|Any CPU.Build.0 = Debug|Any CPU
		{03DFEE9D-E909-40CC-861E-6CA31B93C223}.Release|Any CPU.ActiveCfg = Release|Any CPU
		{03DFEE9D-E909-40CC-861E-6CA31B93C223}.Release|Any CPU.Build.0 = Release|Any CPU
		{D1F49B11-E7F5-43A0-92AC-B3A5DFD96296}.Debug|Any CPU.ActiveCfg = Debug|Any CPU
		{D1F49B11-E7F5-43A0-92AC-B3A5DFD96296}.Debug|Any CPU.Build.0 = Debug|Any CPU
		{D1F49B11-E7F5-43A0-92AC-B3A5DFD96296}.Release|Any CPU.ActiveCfg = Release|Any CPU
		{D1F49B11-E7F5-43A0-92AC-B3A5DFD96296}.Release|Any CPU.Build.0 = Release|Any CPU
		{EC02B772-7F6B-48A2-8312-231B626DB0C3}.Debug|Any CPU.ActiveCfg = Debug|Any CPU
		{EC02B772-7F6B-48A2-8312-231B626DB0C3}.Debug|Any CPU.Build.0 = Debug|Any CPU
		{EC02B772-7F6B-48A2-8312-231B626DB0C3}.Release|Any CPU.ActiveCfg = Release|Any CPU
		{EC02B772-7F6B-48A2-8312-231B626DB0C3}.Release|Any CPU.Build.0 = Release|Any CPU
		{171ED380-4833-4274-B846-62F7CF15B2A2}.Debug|Any CPU.ActiveCfg = Debug|Any CPU
		{171ED380-4833-4274-B846-62F7CF15B2A2}.Debug|Any CPU.Build.0 = Debug|Any CPU
		{171ED380-4833-4274-B846-62F7CF15B2A2}.Release|Any CPU.ActiveCfg = Release|Any CPU
		{171ED380-4833-4274-B846-62F7CF15B2A2}.Release|Any CPU.Build.0 = Release|Any CPU
		{591B760D-064F-4DFB-BF03-DA1DE95FDFE3}.Debug|Any CPU.ActiveCfg = Debug|Any CPU
		{591B760D-064F-4DFB-BF03-DA1DE95FDFE3}.Debug|Any CPU.Build.0 = Debug|Any CPU
		{591B760D-064F-4DFB-BF03-DA1DE95FDFE3}.Release|Any CPU.ActiveCfg = Release|Any CPU
		{591B760D-064F-4DFB-BF03-DA1DE95FDFE3}.Release|Any CPU.Build.0 = Release|Any CPU
		{4EB39F5A-04A7-43C2-AB98-2CCC3CE38248}.Debug|Any CPU.ActiveCfg = Debug|Any CPU
		{4EB39F5A-04A7-43C2-AB98-2CCC3CE38248}.Debug|Any CPU.Build.0 = Debug|Any CPU
		{4EB39F5A-04A7-43C2-AB98-2CCC3CE38248}.Release|Any CPU.ActiveCfg = Release|Any CPU
		{4EB39F5A-04A7-43C2-AB98-2CCC3CE38248}.Release|Any CPU.Build.0 = Release|Any CPU
		{86E19261-8B17-4401-9ED2-DDC042612993}.Debug|Any CPU.ActiveCfg = Debug|Any CPU
		{86E19261-8B17-4401-9ED2-DDC042612993}.Debug|Any CPU.Build.0 = Debug|Any CPU
		{86E19261-8B17-4401-9ED2-DDC042612993}.Release|Any CPU.ActiveCfg = Release|Any CPU
		{86E19261-8B17-4401-9ED2-DDC042612993}.Release|Any CPU.Build.0 = Release|Any CPU
		{F7AFF80C-AC75-4B25-8998-B999880CBFF0}.Debug|Any CPU.ActiveCfg = Debug|Any CPU
		{F7AFF80C-AC75-4B25-8998-B999880CBFF0}.Debug|Any CPU.Build.0 = Debug|Any CPU
		{F7AFF80C-AC75-4B25-8998-B999880CBFF0}.Release|Any CPU.ActiveCfg = Release|Any CPU
		{F7AFF80C-AC75-4B25-8998-B999880CBFF0}.Release|Any CPU.Build.0 = Release|Any CPU
		{6C52C82E-ABE2-4EB0-A386-7ED39E4F8380}.Debug|Any CPU.ActiveCfg = Debug|Any CPU
		{6C52C82E-ABE2-4EB0-A386-7ED39E4F8380}.Debug|Any CPU.Build.0 = Debug|Any CPU
		{6C52C82E-ABE2-4EB0-A386-7ED39E4F8380}.Release|Any CPU.ActiveCfg = Release|Any CPU
		{6C52C82E-ABE2-4EB0-A386-7ED39E4F8380}.Release|Any CPU.Build.0 = Release|Any CPU
		{2D289B82-D2AF-43F6-8D73-0837EF56FE1D}.Debug|Any CPU.ActiveCfg = Debug|Any CPU
		{2D289B82-D2AF-43F6-8D73-0837EF56FE1D}.Debug|Any CPU.Build.0 = Debug|Any CPU
		{2D289B82-D2AF-43F6-8D73-0837EF56FE1D}.Release|Any CPU.ActiveCfg = Release|Any CPU
		{2D289B82-D2AF-43F6-8D73-0837EF56FE1D}.Release|Any CPU.Build.0 = Release|Any CPU
		{D7236733-F442-4AAA-B6BF-C5DD48701E0B}.Debug|Any CPU.ActiveCfg = Debug|Any CPU
		{D7236733-F442-4AAA-B6BF-C5DD48701E0B}.Debug|Any CPU.Build.0 = Debug|Any CPU
		{D7236733-F442-4AAA-B6BF-C5DD48701E0B}.Release|Any CPU.ActiveCfg = Release|Any CPU
		{D7236733-F442-4AAA-B6BF-C5DD48701E0B}.Release|Any CPU.Build.0 = Release|Any CPU
		{73BB7BAD-68D4-4637-A79F-F8CB4CDB9FCA}.Debug|Any CPU.ActiveCfg = Debug|Any CPU
		{73BB7BAD-68D4-4637-A79F-F8CB4CDB9FCA}.Debug|Any CPU.Build.0 = Debug|Any CPU
		{73BB7BAD-68D4-4637-A79F-F8CB4CDB9FCA}.Release|Any CPU.ActiveCfg = Release|Any CPU
		{73BB7BAD-68D4-4637-A79F-F8CB4CDB9FCA}.Release|Any CPU.Build.0 = Release|Any CPU
		{6D3B9C3C-BE2E-4D4E-B671-EB2E9944494A}.Debug|Any CPU.ActiveCfg = Debug|Any CPU
		{6D3B9C3C-BE2E-4D4E-B671-EB2E9944494A}.Debug|Any CPU.Build.0 = Debug|Any CPU
		{6D3B9C3C-BE2E-4D4E-B671-EB2E9944494A}.Release|Any CPU.ActiveCfg = Release|Any CPU
		{6D3B9C3C-BE2E-4D4E-B671-EB2E9944494A}.Release|Any CPU.Build.0 = Release|Any CPU
		{003BD979-E1CB-4D90-AB54-D78291B6D085}.Debug|Any CPU.ActiveCfg = Debug|Any CPU
		{003BD979-E1CB-4D90-AB54-D78291B6D085}.Debug|Any CPU.Build.0 = Debug|Any CPU
		{003BD979-E1CB-4D90-AB54-D78291B6D085}.Release|Any CPU.ActiveCfg = Release|Any CPU
		{003BD979-E1CB-4D90-AB54-D78291B6D085}.Release|Any CPU.Build.0 = Release|Any CPU
		{E3A3D325-8427-40C1-B46B-E93A0B1022D0}.Debug|Any CPU.ActiveCfg = Debug|Any CPU
		{E3A3D325-8427-40C1-B46B-E93A0B1022D0}.Debug|Any CPU.Build.0 = Debug|Any CPU
		{E3A3D325-8427-40C1-B46B-E93A0B1022D0}.Release|Any CPU.ActiveCfg = Release|Any CPU
		{E3A3D325-8427-40C1-B46B-E93A0B1022D0}.Release|Any CPU.Build.0 = Release|Any CPU
		{14299261-BC6F-4130-A83E-1B3F27CA79A3}.Debug|Any CPU.ActiveCfg = Debug|Any CPU
		{14299261-BC6F-4130-A83E-1B3F27CA79A3}.Debug|Any CPU.Build.0 = Debug|Any CPU
		{14299261-BC6F-4130-A83E-1B3F27CA79A3}.Release|Any CPU.ActiveCfg = Release|Any CPU
		{14299261-BC6F-4130-A83E-1B3F27CA79A3}.Release|Any CPU.Build.0 = Release|Any CPU
		{79195295-9125-4B73-8545-6FDB8FDC8BFE}.Debug|Any CPU.ActiveCfg = Debug|Any CPU
		{79195295-9125-4B73-8545-6FDB8FDC8BFE}.Debug|Any CPU.Build.0 = Debug|Any CPU
		{79195295-9125-4B73-8545-6FDB8FDC8BFE}.Release|Any CPU.ActiveCfg = Release|Any CPU
		{79195295-9125-4B73-8545-6FDB8FDC8BFE}.Release|Any CPU.Build.0 = Release|Any CPU
	EndGlobalSection
	GlobalSection(SolutionProperties) = preSolution
		HideSolutionNode = FALSE
	EndGlobalSection
	GlobalSection(NestedProjects) = preSolution
		{DE496636-ECFC-402F-8C8C-605A8A4BC0F2} = {0B710073-5BF7-49FC-A0DF-7CB4C3ED41B9}
		{5C85CA81-FACD-4720-BA5D-91FE34D63B17} = {0B710073-5BF7-49FC-A0DF-7CB4C3ED41B9}
		{22E19E2F-2705-4CA9-9A97-8228A0272F4F} = {0B710073-5BF7-49FC-A0DF-7CB4C3ED41B9}
		{ECD1FDD6-1821-4F62-A6FD-ADA3F4FF6F69} = {27B76B93-4534-4E7B-8451-AF659633E9CC}
		{31486A71-602B-4252-9A41-0F450020B5A3} = {27B76B93-4534-4E7B-8451-AF659633E9CC}
		{EA2ECFB1-EDCE-4F60-8910-0C195692CECE} = {27B76B93-4534-4E7B-8451-AF659633E9CC}
		{F99A456B-A984-4E2C-8008-F753DBBB7626} = {9CCFD01D-D93C-4C51-98FC-C0B6E9D69ACC}
		{03DFEE9D-E909-40CC-861E-6CA31B93C223} = {9CCFD01D-D93C-4C51-98FC-C0B6E9D69ACC}
		{D1F49B11-E7F5-43A0-92AC-B3A5DFD96296} = {9CCFD01D-D93C-4C51-98FC-C0B6E9D69ACC}
		{EC02B772-7F6B-48A2-8312-231B626DB0C3} = {0DD10C07-6A35-412A-9541-79FF05D780B5}
		{171ED380-4833-4274-B846-62F7CF15B2A2} = {0DD10C07-6A35-412A-9541-79FF05D780B5}
		{591B760D-064F-4DFB-BF03-DA1DE95FDFE3} = {0DD10C07-6A35-412A-9541-79FF05D780B5}
		{4EB39F5A-04A7-43C2-AB98-2CCC3CE38248} = {680465CA-B61B-4966-8F45-3334D305AC7C}
		{86E19261-8B17-4401-9ED2-DDC042612993} = {680465CA-B61B-4966-8F45-3334D305AC7C}
		{F7AFF80C-AC75-4B25-8998-B999880CBFF0} = {680465CA-B61B-4966-8F45-3334D305AC7C}
		{6C52C82E-ABE2-4EB0-A386-7ED39E4F8380} = {CE297F1C-00CE-4893-AF01-2623DDD67D68}
		{2D289B82-D2AF-43F6-8D73-0837EF56FE1D} = {CE297F1C-00CE-4893-AF01-2623DDD67D68}
		{D7236733-F442-4AAA-B6BF-C5DD48701E0B} = {CE297F1C-00CE-4893-AF01-2623DDD67D68}
		{73BB7BAD-68D4-4637-A79F-F8CB4CDB9FCA} = {7C22F74B-ECDE-4BE5-8E96-B769C26C4E3D}
		{6D3B9C3C-BE2E-4D4E-B671-EB2E9944494A} = {7C22F74B-ECDE-4BE5-8E96-B769C26C4E3D}
		{003BD979-E1CB-4D90-AB54-D78291B6D085} = {7C22F74B-ECDE-4BE5-8E96-B769C26C4E3D}
		{E3A3D325-8427-40C1-B46B-E93A0B1022D0} = {AF68901A-36FF-4C2B-BB28-ED6F94C6D5C2}
		{14299261-BC6F-4130-A83E-1B3F27CA79A3} = {AF68901A-36FF-4C2B-BB28-ED6F94C6D5C2}
		{79195295-9125-4B73-8545-6FDB8FDC8BFE} = {AF68901A-36FF-4C2B-BB28-ED6F94C6D5C2}
	EndGlobalSection
	GlobalSection(ExtensibilityGlobals) = postSolution
		SolutionGuid = {14177B37-6916-454C-B05B-E0CE6A558ECA}
	EndGlobalSection
EndGlobal
